
Microsoft Visual Studio Solution File, Format Version 12.00
# Visual Studio Version 17
VisualStudioVersion = 17.7.34031.279
MinimumVisualStudioVersion = 10.0.40219.1
Project("{9A19103F-16F7-4668-BE54-9A1E7A4F7556}") = "BusinessObject", "BusinessObject\BusinessObject.csproj", "{17D1F327-7A86-4567-8D54-14300BC6B360}"
EndProject
Project("{9A19103F-16F7-4668-BE54-9A1E7A4F7556}") = "DataAccess", "DataAccess\DataAccess.csproj", "{98539170-614A-432D-9EA4-30B2CADD90EC}"
EndProject
Project("{9A19103F-16F7-4668-BE54-9A1E7A4F7556}") = "Repositories", "Repositories\Repositories.csproj", "{A77EDB6E-EB4A-44CC-B9C1-4D9AD9B27D8C}"
EndProject
Project("{9A19103F-16F7-4668-BE54-9A1E7A4F7556}") = "eStoreAPI", "eStoreAPI\eStoreAPI.csproj", "{F3898071-A174-4CFB-9F46-1A6BA9EEEFED}"
EndProject
Project("{FAE04EC0-301F-11D3-BF4B-00C04F79EFBC}") = "eStoreClient", "eStoreClient\eStoreClient.csproj", "{D20ED1E9-9C21-4B0E-9E59-287CF06E05EF}"
EndProject
Global
	GlobalSection(SolutionConfigurationPlatforms) = preSolution
		Debug|Any CPU = Debug|Any CPU
		Release|Any CPU = Release|Any CPU
	EndGlobalSection
	GlobalSection(ProjectConfigurationPlatforms) = postSolution
		{17D1F327-7A86-4567-8D54-14300BC6B360}.Debug|Any CPU.ActiveCfg = Debug|Any CPU
		{17D1F327-7A86-4567-8D54-14300BC6B360}.Debug|Any CPU.Build.0 = Debug|Any CPU
		{17D1F327-7A86-4567-8D54-14300BC6B360}.Release|Any CPU.ActiveCfg = Release|Any CPU
		{17D1F327-7A86-4567-8D54-14300BC6B360}.Release|Any CPU.Build.0 = Release|Any CPU
		{98539170-614A-432D-9EA4-30B2CADD90EC}.Debug|Any CPU.ActiveCfg = Debug|Any CPU
		{98539170-614A-432D-9EA4-30B2CADD90EC}.Debug|Any CPU.Build.0 = Debug|Any CPU
		{98539170-614A-432D-9EA4-30B2CADD90EC}.Release|Any CPU.ActiveCfg = Release|Any CPU
		{98539170-614A-432D-9EA4-30B2CADD90EC}.Release|Any CPU.Build.0 = Release|Any CPU
		{A77EDB6E-EB4A-44CC-B9C1-4D9AD9B27D8C}.Debug|Any CPU.ActiveCfg = Debug|Any CPU
		{A77EDB6E-EB4A-44CC-B9C1-4D9AD9B27D8C}.Debug|Any CPU.Build.0 = Debug|Any CPU
		{A77EDB6E-EB4A-44CC-B9C1-4D9AD9B27D8C}.Release|Any CPU.ActiveCfg = Release|Any CPU
		{A77EDB6E-EB4A-44CC-B9C1-4D9AD9B27D8C}.Release|Any CPU.Build.0 = Release|Any CPU
		{F3898071-A174-4CFB-9F46-1A6BA9EEEFED}.Debug|Any CPU.ActiveCfg = Debug|Any CPU
		{F3898071-A174-4CFB-9F46-1A6BA9EEEFED}.Debug|Any CPU.Build.0 = Debug|Any CPU
		{F3898071-A174-4CFB-9F46-1A6BA9EEEFED}.Release|Any CPU.ActiveCfg = Release|Any CPU
		{F3898071-A174-4CFB-9F46-1A6BA9EEEFED}.Release|Any CPU.Build.0 = Release|Any CPU
		{D20ED1E9-9C21-4B0E-9E59-287CF06E05EF}.Debug|Any CPU.ActiveCfg = Debug|Any CPU
		{D20ED1E9-9C21-4B0E-9E59-287CF06E05EF}.Debug|Any CPU.Build.0 = Debug|Any CPU
		{D20ED1E9-9C21-4B0E-9E59-287CF06E05EF}.Release|Any CPU.ActiveCfg = Release|Any CPU
		{D20ED1E9-9C21-4B0E-9E59-287CF06E05EF}.Release|Any CPU.Build.0 = Release|Any CPU
	EndGlobalSection
	GlobalSection(SolutionProperties) = preSolution
		HideSolutionNode = FALSE
	EndGlobalSection
	GlobalSection(ExtensibilityGlobals) = postSolution
		SolutionGuid = {D1327153-2A50-4174-8C4E-CF89F822229F}
	EndGlobalSection
EndGlobal
